// !$*UTF8*$!
{
	archiveVersion = 1;
	classes = {
	};
	objectVersion = 46;
	objects = {

/* Begin PBXBuildFile section */
		3304B3A11E7F01B700481ABB /* GPUImage.h in Frameworks */ = {isa = PBXBuildFile; fileRef = 3304B3A01E7F01B700481ABB /* GPUImage.h */; };
		33BDB8EE1E7EFEF7003D4675 /* CoreMedia.framework in Frameworks */ = {isa = PBXBuildFile; fileRef = 33BDB8ED1E7EFEF7003D4675 /* CoreMedia.framework */; };
		33BDB8F01E7EFEFD003D4675 /* CoreVideo.framework in Frameworks */ = {isa = PBXBuildFile; fileRef = 33BDB8EF1E7EFEFD003D4675 /* CoreVideo.framework */; };
		33BDB8F21E7EFF02003D4675 /* OpenGLES.framework in Frameworks */ = {isa = PBXBuildFile; fileRef = 33BDB8F11E7EFF02003D4675 /* OpenGLES.framework */; };
		33BDB8F41E7EFF08003D4675 /* AVFoundation.framework in Frameworks */ = {isa = PBXBuildFile; fileRef = 33BDB8F31E7EFF08003D4675 /* AVFoundation.framework */; };
		33BDB8F61E7EFF10003D4675 /* QuartzCore.framework in Frameworks */ = {isa = PBXBuildFile; fileRef = 33BDB8F51E7EFF10003D4675 /* QuartzCore.framework */; };
		AB4FCCD51E3D817A009A886A /* main.m in Sources */ = {isa = PBXBuildFile; fileRef = AB4FCCD41E3D817A009A886A /* main.m */; };
		AB4FCCD81E3D817A009A886A /* AppDelegate.m in Sources */ = {isa = PBXBuildFile; fileRef = AB4FCCD71E3D817A009A886A /* AppDelegate.m */; };
		AB4FCCDB1E3D817A009A886A /* ViewController.m in Sources */ = {isa = PBXBuildFile; fileRef = AB4FCCDA1E3D817A009A886A /* ViewController.m */; };
		AB4FCCDE1E3D817A009A886A /* Main.storyboard in Resources */ = {isa = PBXBuildFile; fileRef = AB4FCCDC1E3D817A009A886A /* Main.storyboard */; };
		AB4FCCE01E3D817A009A886A /* Assets.xcassets in Resources */ = {isa = PBXBuildFile; fileRef = AB4FCCDF1E3D817A009A886A /* Assets.xcassets */; };
		AB4FCCE31E3D817A009A886A /* LaunchScreen.storyboard in Resources */ = {isa = PBXBuildFile; fileRef = AB4FCCE11E3D817A009A886A /* LaunchScreen.storyboard */; };
		AB4FCCEE1E3D817A009A886A /* projectignite2017Tests.m in Sources */ = {isa = PBXBuildFile; fileRef = AB4FCCED1E3D817A009A886A /* projectignite2017Tests.m */; };
		AB4FCCF91E3D817A009A886A /* projectignite2017UITests.m in Sources */ = {isa = PBXBuildFile; fileRef = AB4FCCF81E3D817A009A886A /* projectignite2017UITests.m */; };
/* End PBXBuildFile section */

/* Begin PBXContainerItemProxy section */
		AB4FCCEA1E3D817A009A886A /* PBXContainerItemProxy */ = {
			isa = PBXContainerItemProxy;
			containerPortal = AB4FCCC81E3D817A009A886A /* Project object */;
			proxyType = 1;
			remoteGlobalIDString = AB4FCCCF1E3D817A009A886A;
			remoteInfo = projectignite2017;
		};
		AB4FCCF51E3D817A009A886A /* PBXContainerItemProxy */ = {
			isa = PBXContainerItemProxy;
			containerPortal = AB4FCCC81E3D817A009A886A /* Project object */;
			proxyType = 1;
			remoteGlobalIDString = AB4FCCCF1E3D817A009A886A;
			remoteInfo = projectignite2017;
		};
/* End PBXContainerItemProxy section */

/* Begin PBXFileReference section */
		3304B3A01E7F01B700481ABB /* GPUImage.h */ = {isa = PBXFileReference; lastKnownFileType = sourcecode.c.h; name = GPUImage.h; path = "../../Downloads/GPUImage-master/framework/Source/GPUImage.h"; sourceTree = "<group>"; };
		33BDB8ED1E7EFEF7003D4675 /* CoreMedia.framework */ = {isa = PBXFileReference; lastKnownFileType = wrapper.framework; name = CoreMedia.framework; path = System/Library/Frameworks/CoreMedia.framework; sourceTree = SDKROOT; };
		33BDB8EF1E7EFEFD003D4675 /* CoreVideo.framework */ = {isa = PBXFileReference; lastKnownFileType = wrapper.framework; name = CoreVideo.framework; path = System/Library/Frameworks/CoreVideo.framework; sourceTree = SDKROOT; };
		33BDB8F11E7EFF02003D4675 /* OpenGLES.framework */ = {isa = PBXFileReference; lastKnownFileType = wrapper.framework; name = OpenGLES.framework; path = System/Library/Frameworks/OpenGLES.framework; sourceTree = SDKROOT; };
		33BDB8F31E7EFF08003D4675 /* AVFoundation.framework */ = {isa = PBXFileReference; lastKnownFileType = wrapper.framework; name = AVFoundation.framework; path = System/Library/Frameworks/AVFoundation.framework; sourceTree = SDKROOT; };
		33BDB8F51E7EFF10003D4675 /* QuartzCore.framework */ = {isa = PBXFileReference; lastKnownFileType = wrapper.framework; name = QuartzCore.framework; path = System/Library/Frameworks/QuartzCore.framework; sourceTree = SDKROOT; };
		AB4FCCD01E3D817A009A886A /* projectignite2017.app */ = {isa = PBXFileReference; explicitFileType = wrapper.application; includeInIndex = 0; path = projectignite2017.app; sourceTree = BUILT_PRODUCTS_DIR; };
		AB4FCCD41E3D817A009A886A /* main.m */ = {isa = PBXFileReference; lastKnownFileType = sourcecode.c.objc; path = main.m; sourceTree = "<group>"; };
		AB4FCCD61E3D817A009A886A /* AppDelegate.h */ = {isa = PBXFileReference; lastKnownFileType = sourcecode.c.h; path = AppDelegate.h; sourceTree = "<group>"; };
		AB4FCCD71E3D817A009A886A /* AppDelegate.m */ = {isa = PBXFileReference; lastKnownFileType = sourcecode.c.objc; path = AppDelegate.m; sourceTree = "<group>"; };
		AB4FCCD91E3D817A009A886A /* ViewController.h */ = {isa = PBXFileReference; lastKnownFileType = sourcecode.c.h; path = ViewController.h; sourceTree = "<group>"; };
		AB4FCCDA1E3D817A009A886A /* ViewController.m */ = {isa = PBXFileReference; lastKnownFileType = sourcecode.c.objc; path = ViewController.m; sourceTree = "<group>"; };
		AB4FCCDD1E3D817A009A886A /* Base */ = {isa = PBXFileReference; lastKnownFileType = file.storyboard; name = Base; path = Base.lproj/Main.storyboard; sourceTree = "<group>"; };
		AB4FCCDF1E3D817A009A886A /* Assets.xcassets */ = {isa = PBXFileReference; lastKnownFileType = folder.assetcatalog; path = Assets.xcassets; sourceTree = "<group>"; };
		AB4FCCE21E3D817A009A886A /* Base */ = {isa = PBXFileReference; lastKnownFileType = file.storyboard; name = Base; path = Base.lproj/LaunchScreen.storyboard; sourceTree = "<group>"; };
		AB4FCCE41E3D817A009A886A /* Info.plist */ = {isa = PBXFileReference; lastKnownFileType = text.plist.xml; path = Info.plist; sourceTree = "<group>"; };
		AB4FCCE91E3D817A009A886A /* projectignite2017Tests.xctest */ = {isa = PBXFileReference; explicitFileType = wrapper.cfbundle; includeInIndex = 0; path = projectignite2017Tests.xctest; sourceTree = BUILT_PRODUCTS_DIR; };
		AB4FCCED1E3D817A009A886A /* projectignite2017Tests.m */ = {isa = PBXFileReference; lastKnownFileType = sourcecode.c.objc; path = projectignite2017Tests.m; sourceTree = "<group>"; };
		AB4FCCEF1E3D817A009A886A /* Info.plist */ = {isa = PBXFileReference; lastKnownFileType = text.plist.xml; path = Info.plist; sourceTree = "<group>"; };
		AB4FCCF41E3D817A009A886A /* projectignite2017UITests.xctest */ = {isa = PBXFileReference; explicitFileType = wrapper.cfbundle; includeInIndex = 0; path = projectignite2017UITests.xctest; sourceTree = BUILT_PRODUCTS_DIR; };
		AB4FCCF81E3D817A009A886A /* projectignite2017UITests.m */ = {isa = PBXFileReference; lastKnownFileType = sourcecode.c.objc; path = projectignite2017UITests.m; sourceTree = "<group>"; };
		AB4FCCFA1E3D817A009A886A /* Info.plist */ = {isa = PBXFileReference; lastKnownFileType = text.plist.xml; path = Info.plist; sourceTree = "<group>"; };
/* End PBXFileReference section */

/* Begin PBXFrameworksBuildPhase section */
		AB4FCCCD1E3D817A009A886A /* Frameworks */ = {
			isa = PBXFrameworksBuildPhase;
			buildActionMask = 2147483647;
			files = (
				3304B3A11E7F01B700481ABB /* GPUImage.h in Frameworks */,
				33BDB8F61E7EFF10003D4675 /* QuartzCore.framework in Frameworks */,
				33BDB8F41E7EFF08003D4675 /* AVFoundation.framework in Frameworks */,
				33BDB8F21E7EFF02003D4675 /* OpenGLES.framework in Frameworks */,
				33BDB8F01E7EFEFD003D4675 /* CoreVideo.framework in Frameworks */,
				33BDB8EE1E7EFEF7003D4675 /* CoreMedia.framework in Frameworks */,
			);
			runOnlyForDeploymentPostprocessing = 0;
		};
		AB4FCCE61E3D817A009A886A /* Frameworks */ = {
			isa = PBXFrameworksBuildPhase;
			buildActionMask = 2147483647;
			files = (
			);
			runOnlyForDeploymentPostprocessing = 0;
		};
		AB4FCCF11E3D817A009A886A /* Frameworks */ = {
			isa = PBXFrameworksBuildPhase;
			buildActionMask = 2147483647;
			files = (
			);
			runOnlyForDeploymentPostprocessing = 0;
		};
/* End PBXFrameworksBuildPhase section */

/* Begin PBXGroup section */
		33BDB8EC1E7EFEF7003D4675 /* Frameworks */ = {
			isa = PBXGroup;
			children = (
				3304B3A01E7F01B700481ABB /* GPUImage.h */,
				33BDB8F51E7EFF10003D4675 /* QuartzCore.framework */,
				33BDB8F31E7EFF08003D4675 /* AVFoundation.framework */,
				33BDB8F11E7EFF02003D4675 /* OpenGLES.framework */,
				33BDB8EF1E7EFEFD003D4675 /* CoreVideo.framework */,
				33BDB8ED1E7EFEF7003D4675 /* CoreMedia.framework */,
			);
			name = Frameworks;
			sourceTree = "<group>";
		};
		AB4FCCC71E3D817A009A886A = {
			isa = PBXGroup;
			children = (
				AB4FCCD21E3D817A009A886A /* projectignite2017 */,
				AB4FCCEC1E3D817A009A886A /* projectignite2017Tests */,
				AB4FCCF71E3D817A009A886A /* projectignite2017UITests */,
				AB4FCCD11E3D817A009A886A /* Products */,
				33BDB8EC1E7EFEF7003D4675 /* Frameworks */,
			);
			sourceTree = "<group>";
		};
		AB4FCCD11E3D817A009A886A /* Products */ = {
			isa = PBXGroup;
			children = (
				AB4FCCD01E3D817A009A886A /* projectignite2017.app */,
				AB4FCCE91E3D817A009A886A /* projectignite2017Tests.xctest */,
				AB4FCCF41E3D817A009A886A /* projectignite2017UITests.xctest */,
			);
			name = Products;
			sourceTree = "<group>";
		};
		AB4FCCD21E3D817A009A886A /* projectignite2017 */ = {
			isa = PBXGroup;
			children = (
				AB4FCCD61E3D817A009A886A /* AppDelegate.h */,
				AB4FCCD71E3D817A009A886A /* AppDelegate.m */,
				AB4FCCD91E3D817A009A886A /* ViewController.h */,
				AB4FCCDA1E3D817A009A886A /* ViewController.m */,
				AB4FCCDC1E3D817A009A886A /* Main.storyboard */,
				AB4FCCDF1E3D817A009A886A /* Assets.xcassets */,
				AB4FCCE11E3D817A009A886A /* LaunchScreen.storyboard */,
				AB4FCCE41E3D817A009A886A /* Info.plist */,
				AB4FCCD31E3D817A009A886A /* Supporting Files */,
			);
			path = projectignite2017;
			sourceTree = "<group>";
		};
		AB4FCCD31E3D817A009A886A /* Supporting Files */ = {
			isa = PBXGroup;
			children = (
				AB4FCCD41E3D817A009A886A /* main.m */,
			);
			name = "Supporting Files";
			sourceTree = "<group>";
		};
		AB4FCCEC1E3D817A009A886A /* projectignite2017Tests */ = {
			isa = PBXGroup;
			children = (
				AB4FCCED1E3D817A009A886A /* projectignite2017Tests.m */,
				AB4FCCEF1E3D817A009A886A /* Info.plist */,
			);
			path = projectignite2017Tests;
			sourceTree = "<group>";
		};
		AB4FCCF71E3D817A009A886A /* projectignite2017UITests */ = {
			isa = PBXGroup;
			children = (
				AB4FCCF81E3D817A009A886A /* projectignite2017UITests.m */,
				AB4FCCFA1E3D817A009A886A /* Info.plist */,
			);
			path = projectignite2017UITests;
			sourceTree = "<group>";
		};
/* End PBXGroup section */

/* Begin PBXNativeTarget section */
		AB4FCCCF1E3D817A009A886A /* projectignite2017 */ = {
			isa = PBXNativeTarget;
			buildConfigurationList = AB4FCCFD1E3D817A009A886A /* Build configuration list for PBXNativeTarget "projectignite2017" */;
			buildPhases = (
				AB4FCCCC1E3D817A009A886A /* Sources */,
				AB4FCCCD1E3D817A009A886A /* Frameworks */,
				AB4FCCCE1E3D817A009A886A /* Resources */,
			);
			buildRules = (
			);
			dependencies = (
			);
			name = projectignite2017;
			productName = projectignite2017;
			productReference = AB4FCCD01E3D817A009A886A /* projectignite2017.app */;
			productType = "com.apple.product-type.application";
		};
		AB4FCCE81E3D817A009A886A /* projectignite2017Tests */ = {
			isa = PBXNativeTarget;
			buildConfigurationList = AB4FCD001E3D817A009A886A /* Build configuration list for PBXNativeTarget "projectignite2017Tests" */;
			buildPhases = (
				AB4FCCE51E3D817A009A886A /* Sources */,
				AB4FCCE61E3D817A009A886A /* Frameworks */,
				AB4FCCE71E3D817A009A886A /* Resources */,
			);
			buildRules = (
			);
			dependencies = (
				AB4FCCEB1E3D817A009A886A /* PBXTargetDependency */,
			);
			name = projectignite2017Tests;
			productName = projectignite2017Tests;
			productReference = AB4FCCE91E3D817A009A886A /* projectignite2017Tests.xctest */;
			productType = "com.apple.product-type.bundle.unit-test";
		};
		AB4FCCF31E3D817A009A886A /* projectignite2017UITests */ = {
			isa = PBXNativeTarget;
			buildConfigurationList = AB4FCD031E3D817A009A886A /* Build configuration list for PBXNativeTarget "projectignite2017UITests" */;
			buildPhases = (
				AB4FCCF01E3D817A009A886A /* Sources */,
				AB4FCCF11E3D817A009A886A /* Frameworks */,
				AB4FCCF21E3D817A009A886A /* Resources */,
			);
			buildRules = (
			);
			dependencies = (
				AB4FCCF61E3D817A009A886A /* PBXTargetDependency */,
			);
			name = projectignite2017UITests;
			productName = projectignite2017UITests;
			productReference = AB4FCCF41E3D817A009A886A /* projectignite2017UITests.xctest */;
			productType = "com.apple.product-type.bundle.ui-testing";
		};
/* End PBXNativeTarget section */

/* Begin PBXProject section */
		AB4FCCC81E3D817A009A886A /* Project object */ = {
			isa = PBXProject;
			attributes = {
				LastUpgradeCheck = 0820;
				ORGANIZATIONNAME = "Project Ignite";
				TargetAttributes = {
					AB4FCCCF1E3D817A009A886A = {
						CreatedOnToolsVersion = 8.0;
						ProvisioningStyle = Automatic;
					};
					AB4FCCE81E3D817A009A886A = {
						CreatedOnToolsVersion = 8.0;
						DevelopmentTeam = 2HQAX3694V;
						ProvisioningStyle = Automatic;
						TestTargetID = AB4FCCCF1E3D817A009A886A;
					};
					AB4FCCF31E3D817A009A886A = {
						CreatedOnToolsVersion = 8.0;
						DevelopmentTeam = 2HQAX3694V;
						ProvisioningStyle = Automatic;
						TestTargetID = AB4FCCCF1E3D817A009A886A;
					};
				};
			};
			buildConfigurationList = AB4FCCCB1E3D817A009A886A /* Build configuration list for PBXProject "projectignite2017" */;
			compatibilityVersion = "Xcode 3.2";
			developmentRegion = English;
			hasScannedForEncodings = 0;
			knownRegions = (
				en,
				Base,
			);
			mainGroup = AB4FCCC71E3D817A009A886A;
			productRefGroup = AB4FCCD11E3D817A009A886A /* Products */;
			projectDirPath = "";
			projectRoot = "";
			targets = (
				AB4FCCCF1E3D817A009A886A /* projectignite2017 */,
				AB4FCCE81E3D817A009A886A /* projectignite2017Tests */,
				AB4FCCF31E3D817A009A886A /* projectignite2017UITests */,
			);
		};
/* End PBXProject section */

/* Begin PBXResourcesBuildPhase section */
		AB4FCCCE1E3D817A009A886A /* Resources */ = {
			isa = PBXResourcesBuildPhase;
			buildActionMask = 2147483647;
			files = (
				AB4FCCE31E3D817A009A886A /* LaunchScreen.storyboard in Resources */,
				AB4FCCE01E3D817A009A886A /* Assets.xcassets in Resources */,
				AB4FCCDE1E3D817A009A886A /* Main.storyboard in Resources */,
			);
			runOnlyForDeploymentPostprocessing = 0;
		};
		AB4FCCE71E3D817A009A886A /* Resources */ = {
			isa = PBXResourcesBuildPhase;
			buildActionMask = 2147483647;
			files = (
			);
			runOnlyForDeploymentPostprocessing = 0;
		};
		AB4FCCF21E3D817A009A886A /* Resources */ = {
			isa = PBXResourcesBuildPhase;
			buildActionMask = 2147483647;
			files = (
			);
			runOnlyForDeploymentPostprocessing = 0;
		};
/* End PBXResourcesBuildPhase section */

/* Begin PBXSourcesBuildPhase section */
		AB4FCCCC1E3D817A009A886A /* Sources */ = {
			isa = PBXSourcesBuildPhase;
			buildActionMask = 2147483647;
			files = (
				AB4FCCDB1E3D817A009A886A /* ViewController.m in Sources */,
				AB4FCCD81E3D817A009A886A /* AppDelegate.m in Sources */,
				AB4FCCD51E3D817A009A886A /* main.m in Sources */,
			);
			runOnlyForDeploymentPostprocessing = 0;
		};
		AB4FCCE51E3D817A009A886A /* Sources */ = {
			isa = PBXSourcesBuildPhase;
			buildActionMask = 2147483647;
			files = (
				AB4FCCEE1E3D817A009A886A /* projectignite2017Tests.m in Sources */,
			);
			runOnlyForDeploymentPostprocessing = 0;
		};
		AB4FCCF01E3D817A009A886A /* Sources */ = {
			isa = PBXSourcesBuildPhase;
			buildActionMask = 2147483647;
			files = (
				AB4FCCF91E3D817A009A886A /* projectignite2017UITests.m in Sources */,
			);
			runOnlyForDeploymentPostprocessing = 0;
		};
/* End PBXSourcesBuildPhase section */

/* Begin PBXTargetDependency section */
		AB4FCCEB1E3D817A009A886A /* PBXTargetDependency */ = {
			isa = PBXTargetDependency;
			target = AB4FCCCF1E3D817A009A886A /* projectignite2017 */;
			targetProxy = AB4FCCEA1E3D817A009A886A /* PBXContainerItemProxy */;
		};
		AB4FCCF61E3D817A009A886A /* PBXTargetDependency */ = {
			isa = PBXTargetDependency;
			target = AB4FCCCF1E3D817A009A886A /* projectignite2017 */;
			targetProxy = AB4FCCF51E3D817A009A886A /* PBXContainerItemProxy */;
		};
/* End PBXTargetDependency section */

/* Begin PBXVariantGroup section */
		AB4FCCDC1E3D817A009A886A /* Main.storyboard */ = {
			isa = PBXVariantGroup;
			children = (
				AB4FCCDD1E3D817A009A886A /* Base */,
			);
			name = Main.storyboard;
			sourceTree = "<group>";
		};
		AB4FCCE11E3D817A009A886A /* LaunchScreen.storyboard */ = {
			isa = PBXVariantGroup;
			children = (
				AB4FCCE21E3D817A009A886A /* Base */,
			);
			name = LaunchScreen.storyboard;
			sourceTree = "<group>";
		};
/* End PBXVariantGroup section */

/* Begin XCBuildConfiguration section */
		AB4FCCFB1E3D817A009A886A /* Debug */ = {
			isa = XCBuildConfiguration;
			buildSettings = {
				ALWAYS_SEARCH_USER_PATHS = NO;
				CLANG_ANALYZER_NONNULL = YES;
				CLANG_CXX_LANGUAGE_STANDARD = "gnu++0x";
				CLANG_CXX_LIBRARY = "libc++";
				CLANG_ENABLE_MODULES = YES;
				CLANG_ENABLE_OBJC_ARC = YES;
				CLANG_WARN_BOOL_CONVERSION = YES;
				CLANG_WARN_CONSTANT_CONVERSION = YES;
				CLANG_WARN_DIRECT_OBJC_ISA_USAGE = YES_ERROR;
				CLANG_WARN_DOCUMENTATION_COMMENTS = YES;
				CLANG_WARN_EMPTY_BODY = YES;
				CLANG_WARN_ENUM_CONVERSION = YES;
				CLANG_WARN_INFINITE_RECURSION = YES;
				CLANG_WARN_INT_CONVERSION = YES;
				CLANG_WARN_OBJC_ROOT_CLASS = YES_ERROR;
				CLANG_WARN_SUSPICIOUS_MOVE = YES;
				CLANG_WARN_SUSPICIOUS_MOVES = YES;
				CLANG_WARN_UNREACHABLE_CODE = YES;
				CLANG_WARN__DUPLICATE_METHOD_MATCH = YES;
				"CODE_SIGN_IDENTITY[sdk=iphoneos*]" = "iPhone Developer";
				COPY_PHASE_STRIP = NO;
				DEBUG_INFORMATION_FORMAT = dwarf;
				ENABLE_STRICT_OBJC_MSGSEND = YES;
				ENABLE_TESTABILITY = YES;
				GCC_C_LANGUAGE_STANDARD = gnu99;
				GCC_DYNAMIC_NO_PIC = NO;
				GCC_NO_COMMON_BLOCKS = YES;
				GCC_OPTIMIZATION_LEVEL = 0;
				GCC_PREPROCESSOR_DEFINITIONS = (
					"DEBUG=1",
					"$(inherited)",
				);
				GCC_WARN_64_TO_32_BIT_CONVERSION = YES;
				GCC_WARN_ABOUT_RETURN_TYPE = YES_ERROR;
				GCC_WARN_UNDECLARED_SELECTOR = YES;
				GCC_WARN_UNINITIALIZED_AUTOS = YES_AGGRESSIVE;
				GCC_WARN_UNUSED_FUNCTION = YES;
				GCC_WARN_UNUSED_VARIABLE = YES;
				IPHONEOS_DEPLOYMENT_TARGET = 10.0;
				MTL_ENABLE_DEBUG_INFO = YES;
				ONLY_ACTIVE_ARCH = YES;
				SDKROOT = iphoneos;
			};
			name = Debug;
		};
		AB4FCCFC1E3D817A009A886A /* Release */ = {
			isa = XCBuildConfiguration;
			buildSettings = {
				ALWAYS_SEARCH_USER_PATHS = NO;
				CLANG_ANALYZER_NONNULL = YES;
				CLANG_CXX_LANGUAGE_STANDARD = "gnu++0x";
				CLANG_CXX_LIBRARY = "libc++";
				CLANG_ENABLE_MODULES = YES;
				CLANG_ENABLE_OBJC_ARC = YES;
				CLANG_WARN_BOOL_CONVERSION = YES;
				CLANG_WARN_CONSTANT_CONVERSION = YES;
				CLANG_WARN_DIRECT_OBJC_ISA_USAGE = YES_ERROR;
				CLANG_WARN_DOCUMENTATION_COMMENTS = YES;
				CLANG_WARN_EMPTY_BODY = YES;
				CLANG_WARN_ENUM_CONVERSION = YES;
				CLANG_WARN_INFINITE_RECURSION = YES;
				CLANG_WARN_INT_CONVERSION = YES;
				CLANG_WARN_OBJC_ROOT_CLASS = YES_ERROR;
				CLANG_WARN_SUSPICIOUS_MOVE = YES;
				CLANG_WARN_SUSPICIOUS_MOVES = YES;
				CLANG_WARN_UNREACHABLE_CODE = YES;
				CLANG_WARN__DUPLICATE_METHOD_MATCH = YES;
				"CODE_SIGN_IDENTITY[sdk=iphoneos*]" = "iPhone Developer";
				COPY_PHASE_STRIP = NO;
				DEBUG_INFORMATION_FORMAT = "dwarf-with-dsym";
				ENABLE_NS_ASSERTIONS = NO;
				ENABLE_STRICT_OBJC_MSGSEND = YES;
				GCC_C_LANGUAGE_STANDARD = gnu99;
				GCC_NO_COMMON_BLOCKS = YES;
				GCC_WARN_64_TO_32_BIT_CONVERSION = YES;
				GCC_WARN_ABOUT_RETURN_TYPE = YES_ERROR;
				GCC_WARN_UNDECLARED_SELECTOR = YES;
				GCC_WARN_UNINITIALIZED_AUTOS = YES_AGGRESSIVE;
				GCC_WARN_UNUSED_FUNCTION = YES;
				GCC_WARN_UNUSED_VARIABLE = YES;
				IPHONEOS_DEPLOYMENT_TARGET = 10.0;
				MTL_ENABLE_DEBUG_INFO = NO;
				SDKROOT = iphoneos;
				VALIDATE_PRODUCT = YES;
			};
			name = Release;
		};
		AB4FCCFE1E3D817A009A886A /* Debug */ = {
			isa = XCBuildConfiguration;
			buildSettings = {
				ASSETCATALOG_COMPILER_APPICON_NAME = AppIcon;
				DEVELOPMENT_TEAM = "";
				INFOPLIST_FILE = projectignite2017/Info.plist;
				IPHONEOS_DEPLOYMENT_TARGET = 10.2;
				LD_RUNPATH_SEARCH_PATHS = "$(inherited) @executable_path/Frameworks";
				PRODUCT_BUNDLE_IDENTIFIER = com.saprojectignite.projectignite2017;
				PRODUCT_NAME = "$(TARGET_NAME)";
				TARGETED_DEVICE_FAMILY = "1,2";
			};
			name = Debug;
		};
		AB4FCCFF1E3D817A009A886A /* Release */ = {
			isa = XCBuildConfiguration;
			buildSettings = {
				ASSETCATALOG_COMPILER_APPICON_NAME = AppIcon;
				DEVELOPMENT_TEAM = "";
				INFOPLIST_FILE = projectignite2017/Info.plist;
				IPHONEOS_DEPLOYMENT_TARGET = 10.2;
				LD_RUNPATH_SEARCH_PATHS = "$(inherited) @executable_path/Frameworks";
				PRODUCT_BUNDLE_IDENTIFIER = com.saprojectignite.projectignite2017;
				PRODUCT_NAME = "$(TARGET_NAME)";
				TARGETED_DEVICE_FAMILY = "1,2";
			};
			name = Release;
		};
		AB4FCD011E3D817A009A886A /* Debug */ = {
			isa = XCBuildConfiguration;
			buildSettings = {
				BUNDLE_LOADER = "$(TEST_HOST)";
				DEVELOPMENT_TEAM = 2HQAX3694V;
				INFOPLIST_FILE = projectignite2017Tests/Info.plist;
				LD_RUNPATH_SEARCH_PATHS = "$(inherited) @executable_path/Frameworks @loader_path/Frameworks";
				PRODUCT_BUNDLE_IDENTIFIER = com.projectignite.projectignite2017Tests;
				PRODUCT_NAME = "$(TARGET_NAME)";
				TEST_HOST = "$(BUILT_PRODUCTS_DIR)/projectignite2017.app/projectignite2017";
			};
			name = Debug;
		};
		AB4FCD021E3D817A009A886A /* Release */ = {
			isa = XCBuildConfiguration;
			buildSettings = {
				BUNDLE_LOADER = "$(TEST_HOST)";
				DEVELOPMENT_TEAM = 2HQAX3694V;
				INFOPLIST_FILE = projectignite2017Tests/Info.plist;
				LD_RUNPATH_SEARCH_PATHS = "$(inherited) @executable_path/Frameworks @loader_path/Frameworks";
				PRODUCT_BUNDLE_IDENTIFIER = com.projectignite.projectignite2017Tests;
				PRODUCT_NAME = "$(TARGET_NAME)";
				TEST_HOST = "$(BUILT_PRODUCTS_DIR)/projectignite2017.app/projectignite2017";
			};
			name = Release;
		};
		AB4FCD041E3D817A009A886A /* Debug */ = {
			isa = XCBuildConfiguration;
			buildSettings = {
				DEVELOPMENT_TEAM = 2HQAX3694V;
				INFOPLIST_FILE = projectignite2017UITests/Info.plist;
				LD_RUNPATH_SEARCH_PATHS = "$(inherited) @executable_path/Frameworks @loader_path/Frameworks";
				PRODUCT_BUNDLE_IDENTIFIER = com.projectignite.projectignite2017UITests;
				PRODUCT_NAME = "$(TARGET_NAME)";
				TEST_TARGET_NAME = projectignite2017;
			};
			name = Debug;
		};
		AB4FCD051E3D817A009A886A /* Release */ = {
			isa = XCBuildConfiguration;
			buildSettings = {
				DEVELOPMENT_TEAM = 2HQAX3694V;
				INFOPLIST_FILE = projectignite2017UITests/Info.plist;
				LD_RUNPATH_SEARCH_PATHS = "$(inherited) @executable_path/Frameworks @loader_path/Frameworks";
				PRODUCT_BUNDLE_IDENTIFIER = com.projectignite.projectignite2017UITests;
				PRODUCT_NAME = "$(TARGET_NAME)";
				TEST_TARGET_NAME = projectignite2017;
			};
			name = Release;
		};
/* End XCBuildConfiguration section */

/* Begin XCConfigurationList section */
		AB4FCCCB1E3D817A009A886A /* Build configuration list for PBXProject "projectignite2017" */ = {
			isa = XCConfigurationList;
			buildConfigurations = (
				AB4FCCFB1E3D817A009A886A /* Debug */,
				AB4FCCFC1E3D817A009A886A /* Release */,
			);
			defaultConfigurationIsVisible = 0;
			defaultConfigurationName = Release;
		};
		AB4FCCFD1E3D817A009A886A /* Build configuration list for PBXNativeTarget "projectignite2017" */ = {
			isa = XCConfigurationList;
			buildConfigurations = (
				AB4FCCFE1E3D817A009A886A /* Debug */,
				AB4FCCFF1E3D817A009A886A /* Release */,
			);
			defaultConfigurationIsVisible = 0;
			defaultConfigurationName = Release;
		};
		AB4FCD001E3D817A009A886A /* Build configuration list for PBXNativeTarget "projectignite2017Tests" */ = {
			isa = XCConfigurationList;
			buildConfigurations = (
				AB4FCD011E3D817A009A886A /* Debug */,
				AB4FCD021E3D817A009A886A /* Release */,
			);
			defaultConfigurationIsVisible = 0;
			defaultConfigurationName = Release;
		};
		AB4FCD031E3D817A009A886A /* Build configuration list for PBXNativeTarget "projectignite2017UITests" */ = {
			isa = XCConfigurationList;
			buildConfigurations = (
				AB4FCD041E3D817A009A886A /* Debug */,
				AB4FCD051E3D817A009A886A /* Release */,
			);
			defaultConfigurationIsVisible = 0;
			defaultConfigurationName = Release;
		};
/* End XCConfigurationList section */
	};
	rootObject = AB4FCCC81E3D817A009A886A /* Project object */;
}
